
Microsoft Visual Studio Solution File, Format Version 12.00
# Visual Studio Version 16
VisualStudioVersion = 16.0.30309.148
MinimumVisualStudioVersion = 10.0.40219.1
Project("{FAE04EC0-301F-11D3-BF4B-00C04F79EFBC}") = "ConsoleApp2", "ConsoleApp2.csproj", "{EBDD5C64-E3CB-4109-AC1F-203765A13016}"
EndProject
Global
	GlobalSection(SolutionConfigurationPlatforms) = preSolution
		Debug|Any CPU = Debug|Any CPU
		Release|Any CPU = Release|Any CPU
	EndGlobalSection
	GlobalSection(ProjectConfigurationPlatforms) = postSolution
		{EBDD5C64-E3CB-4109-AC1F-203765A13016}.Debug|Any CPU.ActiveCfg = Debug|Any CPU
		{EBDD5C64-E3CB-4109-AC1F-203765A13016}.Debug|Any CPU.Build.0 = Debug|Any CPU
		{EBDD5C64-E3CB-4109-AC1F-203765A13016}.Release|Any CPU.ActiveCfg = Release|Any CPU
		{EBDD5C64-E3CB-4109-AC1F-203765A13016}.Release|Any CPU.Build.0 = Release|Any CPU
	EndGlobalSection
	GlobalSection(SolutionProperties) = preSolution
		HideSolutionNode = FALSE
	EndGlobalSection
	GlobalSection(ExtensibilityGlobals) = postSolution
		SolutionGuid = {CAA2A1FD-4E22-45D1-A88C-D5AB2067A896}
	EndGlobalSection
EndGlobal
